{
  "name": "UI",
  "lockfileVersion": 3,
  "requires": true,
  "packages": {
    "": {
      "dependencies": {
        "js-linq": "^1.6.0",
        "jslinq": "^1.0.22"
      }
    },
    "node_modules/js-linq": {
      "version": "1.6.0",
      "resolved": "https://registry.npmjs.org/js-linq/-/js-linq-1.6.0.tgz",
      "integrity": "sha512-iS/0V4md9hIOTpepFLBtlZWsDrtcYqNN4S+hWWeLLwxE7wVwj/rt/gGx7uHXBkWUilsOYMKaaETdkmmr2JLjMQ=="
    },
    "node_modules/jslinq": {
      "version": "1.0.22",
      "resolved": "https://registry.npmjs.org/jslinq/-/jslinq-1.0.22.tgz",
      "integrity": "sha512-jfuqYok2cB1fPBF/t1Icbp1bpdjaVwUlePETIaaigqTVEjEGghcEcREx14UFm82rK49UdPrkSMN/Kb7UeHkvpw=="
    }
  }
}
